
Microsoft Visual Studio Solution File, Format Version 12.00
# Visual Studio 15
VisualStudioVersion = 15.0.26228.9
MinimumVisualStudioVersion = 10.0.40219.1
Project("{2150E333-8FDC-42A3-9474-1A3956D46DE8}") = "2.0 Desarrollo", "2.0 Desarrollo", "{7D1490F9-78AF-4A01-B160-EA65BE415101}"
EndProject
Project("{2150E333-8FDC-42A3-9474-1A3956D46DE8}") = "1.0 Diseno", "1.0 Diseno", "{5CC0BEF1-9EC9-49FC-83BB-5861963C29AB}"
EndProject
Project("{2150E333-8FDC-42A3-9474-1A3956D46DE8}") = "2.1 Presentacion", "2.1 Presentacion", "{6AA02018-25AA-4252-B68F-3F4A0F96CAF1}"
EndProject
Project("{2150E333-8FDC-42A3-9474-1A3956D46DE8}") = "2.2 Distribucion", "2.2 Distribucion", "{5C27BF83-3303-4D91-AAAE-0D4135413C57}"
EndProject
Project("{2150E333-8FDC-42A3-9474-1A3956D46DE8}") = "2.3 Aplicacion", "2.3 Aplicacion", "{4E08F771-BAC9-45A9-A1D9-5027DB10FFC7}"
EndProject
Project("{2150E333-8FDC-42A3-9474-1A3956D46DE8}") = "2.4 Dominio", "2.4 Dominio", "{3DD1BB74-D9D3-46FD-86F4-D0CF1446DC5A}"
EndProject
Project("{2150E333-8FDC-42A3-9474-1A3956D46DE8}") = "2.5 Infraestructura", "2.5 Infraestructura", "{EF8D3B05-24EA-4339-9179-9E77C2B6F1F1}"
EndProject
Project("{2150E333-8FDC-42A3-9474-1A3956D46DE8}") = "2.6 Utilidades", "2.6 Utilidades", "{4C3C634F-1A62-468E-A935-4EE535ED82A1}"
EndProject
Project("{FAE04EC0-301F-11D3-BF4B-00C04F79EFBC}") = "UPT.BOT.Infraestructura.Datos", "UPT.BOT.Infraestructura.Datos\UPT.BOT.Infraestructura.Datos.csproj", "{AFE5DC76-9650-4B20-9D09-D0D8B8559536}"
EndProject
Project("{FAE04EC0-301F-11D3-BF4B-00C04F79EFBC}") = "UPT.BOT.Dominio.Repositorios", "UPT.BOT.Dominio.Repositorios\UPT.BOT.Dominio.Repositorios.csproj", "{BA848719-305E-440D-83C8-BC81C002AA2B}"
EndProject
Project("{FAE04EC0-301F-11D3-BF4B-00C04F79EFBC}") = "UPT.BOT.Dominio.Entidades", "UPT.BOT.Dominio.Entidades\UPT.BOT.Dominio.Entidades.csproj", "{BA5E1E40-934F-46E0-8721-C63BF6C707F1}"
EndProject
Project("{FAE04EC0-301F-11D3-BF4B-00C04F79EFBC}") = "UPT.BOT.Utilidades.Utilidades", "UPT.BOT.Utilidades.Utilidades\UPT.BOT.Utilidades.Utilidades.csproj", "{FCF535B6-81B0-4398-9E01-EFFE2653A82C}"
EndProject
Project("{FAE04EC0-301F-11D3-BF4B-00C04F79EFBC}") = "UPT.BOT.Aplicacion.DTOs", "UPT.BOT.Aplicacion.DTOs\UPT.BOT.Aplicacion.DTOs.csproj", "{D7D66419-ABA2-4B69-BDE3-5ED8F965A5FE}"
EndProject
Project("{FAE04EC0-301F-11D3-BF4B-00C04F79EFBC}") = "UPT.BOT.Aplicacion.Servicios.Implementacion", "UPT.BOT.Aplicacion.Servicios.Implementacion\UPT.BOT.Aplicacion.Servicios.Implementacion.csproj", "{383D04E5-3146-4712-ACF0-EA4E4B69B3FC}"
EndProject
Project("{2150E333-8FDC-42A3-9474-1A3956D46DE8}") = "2.2.1 Api", "2.2.1 Api", "{3A27C71D-CD06-4D38-92E8-2A8B9A3EBE15}"
EndProject
Project("{FAE04EC0-301F-11D3-BF4B-00C04F79EFBC}") = "UPT.BOT.Distribucion.Api.WebApi", "UPT.BOT.Distribucion.Api.WebApi\UPT.BOT.Distribucion.Api.WebApi.csproj", "{CA6FDA18-1C86-43F3-AE17-034AD8C599C3}"
EndProject
Project("{2150E333-8FDC-42A3-9474-1A3956D46DE8}") = "2.2.2 Bot", "2.2.2 Bot", "{D47A923E-7C57-4801-B79C-CD498532CABE}"
EndProject
Project("{FAE04EC0-301F-11D3-BF4B-00C04F79EFBC}") = "UPT.BOT.Distribucion.Bot.BotService", "UPT.BOT.Distribucion.Bot.BotService\UPT.BOT.Distribucion.Bot.BotService.csproj", "{A8BA1066-5695-4D71-ABB4-65E5A5E0C3D4}"
EndProject
Project("{FAE04EC0-301F-11D3-BF4B-00C04F79EFBC}") = "UPT.BOT.Distribucion.Bot.Acceso", "UPT.BOT.Distribucion.Bot.Acceso\UPT.BOT.Distribucion.Bot.Acceso.csproj", "{2F6DF9C8-38DF-4F55-B5E6-D73529D0C0A3}"
EndProject
Project("{FAE04EC0-301F-11D3-BF4B-00C04F79EFBC}") = "UPT.BOT.Aplicacion.Servicios", "UPT.BOT.Aplicacion.Servicios\UPT.BOT.Aplicacion.Servicios.csproj", "{C232AF97-AD45-4F7A-A234-EBCF75763A84}"
EndProject
Project("{2150E333-8FDC-42A3-9474-1A3956D46DE8}") = "2.1.1 Web", "2.1.1 Web", "{C8EC7126-2F38-4275-8CBE-B1A025F0619F}"
EndProject
Project("{FAE04EC0-301F-11D3-BF4B-00C04F79EFBC}") = "UPT.BOT.Presentacion.Web.Administracion", "UPT.BOT.Presentacion.Web.Administracion\UPT.BOT.Presentacion.Web.Administracion.csproj", "{56D77E85-3412-4E9F-83EB-3C1A82C31F71}"
EndProject
Project("{FAE04EC0-301F-11D3-BF4B-00C04F79EFBC}") = "UPT.BOT.Presentacion.Web.Acceso", "UPT.BOT.Presentacion.Web.Acceso\UPT.BOT.Presentacion.Web.Acceso.csproj", "{3FD743BE-9462-431B-9B2D-6E8659AE7500}"
EndProject
Project("{FAE04EC0-301F-11D3-BF4B-00C04F79EFBC}") = "UPT.BOT.Infraestructura.Datos.Pruebas", "UPT.BOT.Infraestructura.Datos.Pruebas\UPT.BOT.Infraestructura.Datos.Pruebas.csproj", "{D140CA14-5DDA-460D-8D85-F83FF1A3CEFD}"
EndProject
Global
	GlobalSection(SolutionConfigurationPlatforms) = preSolution
		Debug|Any CPU = Debug|Any CPU
		Release|Any CPU = Release|Any CPU
	EndGlobalSection
	GlobalSection(ProjectConfigurationPlatforms) = postSolution
		{AFE5DC76-9650-4B20-9D09-D0D8B8559536}.Debug|Any CPU.ActiveCfg = Debug|Any CPU
		{AFE5DC76-9650-4B20-9D09-D0D8B8559536}.Debug|Any CPU.Build.0 = Debug|Any CPU
		{AFE5DC76-9650-4B20-9D09-D0D8B8559536}.Release|Any CPU.ActiveCfg = Release|Any CPU
		{AFE5DC76-9650-4B20-9D09-D0D8B8559536}.Release|Any CPU.Build.0 = Release|Any CPU
		{BA848719-305E-440D-83C8-BC81C002AA2B}.Debug|Any CPU.ActiveCfg = Debug|Any CPU
		{BA848719-305E-440D-83C8-BC81C002AA2B}.Debug|Any CPU.Build.0 = Debug|Any CPU
		{BA848719-305E-440D-83C8-BC81C002AA2B}.Release|Any CPU.ActiveCfg = Release|Any CPU
		{BA848719-305E-440D-83C8-BC81C002AA2B}.Release|Any CPU.Build.0 = Release|Any CPU
		{BA5E1E40-934F-46E0-8721-C63BF6C707F1}.Debug|Any CPU.ActiveCfg = Debug|Any CPU
		{BA5E1E40-934F-46E0-8721-C63BF6C707F1}.Debug|Any CPU.Build.0 = Debug|Any CPU
		{BA5E1E40-934F-46E0-8721-C63BF6C707F1}.Release|Any CPU.ActiveCfg = Release|Any CPU
		{BA5E1E40-934F-46E0-8721-C63BF6C707F1}.Release|Any CPU.Build.0 = Release|Any CPU
		{FCF535B6-81B0-4398-9E01-EFFE2653A82C}.Debug|Any CPU.ActiveCfg = Debug|Any CPU
		{FCF535B6-81B0-4398-9E01-EFFE2653A82C}.Debug|Any CPU.Build.0 = Debug|Any CPU
		{FCF535B6-81B0-4398-9E01-EFFE2653A82C}.Release|Any CPU.ActiveCfg = Release|Any CPU
		{FCF535B6-81B0-4398-9E01-EFFE2653A82C}.Release|Any CPU.Build.0 = Release|Any CPU
		{D7D66419-ABA2-4B69-BDE3-5ED8F965A5FE}.Debug|Any CPU.ActiveCfg = Debug|Any CPU
		{D7D66419-ABA2-4B69-BDE3-5ED8F965A5FE}.Debug|Any CPU.Build.0 = Debug|Any CPU
		{D7D66419-ABA2-4B69-BDE3-5ED8F965A5FE}.Release|Any CPU.ActiveCfg = Release|Any CPU
		{D7D66419-ABA2-4B69-BDE3-5ED8F965A5FE}.Release|Any CPU.Build.0 = Release|Any CPU
		{383D04E5-3146-4712-ACF0-EA4E4B69B3FC}.Debug|Any CPU.ActiveCfg = Debug|Any CPU
		{383D04E5-3146-4712-ACF0-EA4E4B69B3FC}.Debug|Any CPU.Build.0 = Debug|Any CPU
		{383D04E5-3146-4712-ACF0-EA4E4B69B3FC}.Release|Any CPU.ActiveCfg = Release|Any CPU
		{383D04E5-3146-4712-ACF0-EA4E4B69B3FC}.Release|Any CPU.Build.0 = Release|Any CPU
		{CA6FDA18-1C86-43F3-AE17-034AD8C599C3}.Debug|Any CPU.ActiveCfg = Debug|Any CPU
		{CA6FDA18-1C86-43F3-AE17-034AD8C599C3}.Debug|Any CPU.Build.0 = Debug|Any CPU
		{CA6FDA18-1C86-43F3-AE17-034AD8C599C3}.Release|Any CPU.ActiveCfg = Release|Any CPU
		{CA6FDA18-1C86-43F3-AE17-034AD8C599C3}.Release|Any CPU.Build.0 = Release|Any CPU
		{A8BA1066-5695-4D71-ABB4-65E5A5E0C3D4}.Debug|Any CPU.ActiveCfg = Debug|Any CPU
		{A8BA1066-5695-4D71-ABB4-65E5A5E0C3D4}.Debug|Any CPU.Build.0 = Debug|Any CPU
		{A8BA1066-5695-4D71-ABB4-65E5A5E0C3D4}.Release|Any CPU.ActiveCfg = Release|Any CPU
		{A8BA1066-5695-4D71-ABB4-65E5A5E0C3D4}.Release|Any CPU.Build.0 = Release|Any CPU
		{2F6DF9C8-38DF-4F55-B5E6-D73529D0C0A3}.Debug|Any CPU.ActiveCfg = Debug|Any CPU
		{2F6DF9C8-38DF-4F55-B5E6-D73529D0C0A3}.Debug|Any CPU.Build.0 = Debug|Any CPU
		{2F6DF9C8-38DF-4F55-B5E6-D73529D0C0A3}.Release|Any CPU.ActiveCfg = Release|Any CPU
		{2F6DF9C8-38DF-4F55-B5E6-D73529D0C0A3}.Release|Any CPU.Build.0 = Release|Any CPU
		{C232AF97-AD45-4F7A-A234-EBCF75763A84}.Debug|Any CPU.ActiveCfg = Debug|Any CPU
		{C232AF97-AD45-4F7A-A234-EBCF75763A84}.Debug|Any CPU.Build.0 = Debug|Any CPU
		{C232AF97-AD45-4F7A-A234-EBCF75763A84}.Release|Any CPU.ActiveCfg = Release|Any CPU
		{C232AF97-AD45-4F7A-A234-EBCF75763A84}.Release|Any CPU.Build.0 = Release|Any CPU
		{56D77E85-3412-4E9F-83EB-3C1A82C31F71}.Debug|Any CPU.ActiveCfg = Debug|Any CPU
		{56D77E85-3412-4E9F-83EB-3C1A82C31F71}.Debug|Any CPU.Build.0 = Debug|Any CPU
		{56D77E85-3412-4E9F-83EB-3C1A82C31F71}.Release|Any CPU.ActiveCfg = Release|Any CPU
		{56D77E85-3412-4E9F-83EB-3C1A82C31F71}.Release|Any CPU.Build.0 = Release|Any CPU
		{3FD743BE-9462-431B-9B2D-6E8659AE7500}.Debug|Any CPU.ActiveCfg = Debug|Any CPU
		{3FD743BE-9462-431B-9B2D-6E8659AE7500}.Debug|Any CPU.Build.0 = Debug|Any CPU
		{3FD743BE-9462-431B-9B2D-6E8659AE7500}.Release|Any CPU.ActiveCfg = Release|Any CPU
		{3FD743BE-9462-431B-9B2D-6E8659AE7500}.Release|Any CPU.Build.0 = Release|Any CPU
		{D140CA14-5DDA-460D-8D85-F83FF1A3CEFD}.Debug|Any CPU.ActiveCfg = Debug|Any CPU
		{D140CA14-5DDA-460D-8D85-F83FF1A3CEFD}.Debug|Any CPU.Build.0 = Debug|Any CPU
		{D140CA14-5DDA-460D-8D85-F83FF1A3CEFD}.Release|Any CPU.ActiveCfg = Release|Any CPU
		{D140CA14-5DDA-460D-8D85-F83FF1A3CEFD}.Release|Any CPU.Build.0 = Release|Any CPU
	EndGlobalSection
	GlobalSection(SolutionProperties) = preSolution
		HideSolutionNode = FALSE
	EndGlobalSection
	GlobalSection(NestedProjects) = preSolution
		{6AA02018-25AA-4252-B68F-3F4A0F96CAF1} = {7D1490F9-78AF-4A01-B160-EA65BE415101}
		{5C27BF83-3303-4D91-AAAE-0D4135413C57} = {7D1490F9-78AF-4A01-B160-EA65BE415101}
		{4E08F771-BAC9-45A9-A1D9-5027DB10FFC7} = {7D1490F9-78AF-4A01-B160-EA65BE415101}
		{3DD1BB74-D9D3-46FD-86F4-D0CF1446DC5A} = {7D1490F9-78AF-4A01-B160-EA65BE415101}
		{EF8D3B05-24EA-4339-9179-9E77C2B6F1F1} = {7D1490F9-78AF-4A01-B160-EA65BE415101}
		{4C3C634F-1A62-468E-A935-4EE535ED82A1} = {7D1490F9-78AF-4A01-B160-EA65BE415101}
		{AFE5DC76-9650-4B20-9D09-D0D8B8559536} = {EF8D3B05-24EA-4339-9179-9E77C2B6F1F1}
		{BA848719-305E-440D-83C8-BC81C002AA2B} = {3DD1BB74-D9D3-46FD-86F4-D0CF1446DC5A}
		{BA5E1E40-934F-46E0-8721-C63BF6C707F1} = {3DD1BB74-D9D3-46FD-86F4-D0CF1446DC5A}
		{FCF535B6-81B0-4398-9E01-EFFE2653A82C} = {4C3C634F-1A62-468E-A935-4EE535ED82A1}
		{D7D66419-ABA2-4B69-BDE3-5ED8F965A5FE} = {4E08F771-BAC9-45A9-A1D9-5027DB10FFC7}
		{383D04E5-3146-4712-ACF0-EA4E4B69B3FC} = {4E08F771-BAC9-45A9-A1D9-5027DB10FFC7}
		{3A27C71D-CD06-4D38-92E8-2A8B9A3EBE15} = {5C27BF83-3303-4D91-AAAE-0D4135413C57}
		{CA6FDA18-1C86-43F3-AE17-034AD8C599C3} = {3A27C71D-CD06-4D38-92E8-2A8B9A3EBE15}
		{D47A923E-7C57-4801-B79C-CD498532CABE} = {5C27BF83-3303-4D91-AAAE-0D4135413C57}
		{A8BA1066-5695-4D71-ABB4-65E5A5E0C3D4} = {D47A923E-7C57-4801-B79C-CD498532CABE}
		{2F6DF9C8-38DF-4F55-B5E6-D73529D0C0A3} = {D47A923E-7C57-4801-B79C-CD498532CABE}
		{C232AF97-AD45-4F7A-A234-EBCF75763A84} = {4E08F771-BAC9-45A9-A1D9-5027DB10FFC7}
		{C8EC7126-2F38-4275-8CBE-B1A025F0619F} = {6AA02018-25AA-4252-B68F-3F4A0F96CAF1}
		{56D77E85-3412-4E9F-83EB-3C1A82C31F71} = {C8EC7126-2F38-4275-8CBE-B1A025F0619F}
		{3FD743BE-9462-431B-9B2D-6E8659AE7500} = {C8EC7126-2F38-4275-8CBE-B1A025F0619F}
		{D140CA14-5DDA-460D-8D85-F83FF1A3CEFD} = {EF8D3B05-24EA-4339-9179-9E77C2B6F1F1}
	EndGlobalSection
EndGlobal
